
Microsoft Visual Studio Solution File, Format Version 12.00
# Visual Studio Version 17
VisualStudioVersion = 17.11.35327.3
MinimumVisualStudioVersion = 10.0.40219.1
Project("{2150E333-8FDC-42A3-9474-1A3956D46DE8}") = "Task 0", "Task 0", "{C541F950-046A-4378-89B4-8C4D48C08F14}"
EndProject
Project("{9A19103F-16F7-4668-BE54-9A1E7A4F7556}") = "Tyuiu.ShmidtAA.Sprint6.Task0.V12.Lib", "Tyuiu.ShmidtAA.Sprint6.Task0.V12.Lib\Tyuiu.ShmidtAA.Sprint6.Task0.V12.Lib.csproj", "{F1AED9EA-F929-4E13-A9D7-F454C1685DDE}"
EndProject
Project("{9A19103F-16F7-4668-BE54-9A1E7A4F7556}") = "Tyuiu.ShmidtAA.Sprint6.Task0.V12.Test", "Tyuiu.ShmidtAA.Sprint6.Task0.V12.Test\Tyuiu.ShmidtAA.Sprint6.Task0.V12.Test.csproj", "{AAACAB3D-D180-4CFC-97B9-985A08606254}"
EndProject
Project("{9A19103F-16F7-4668-BE54-9A1E7A4F7556}") = "Tyuiu.ShmidtAA.Sprint6.Task0.V12", "Tyuiu.ShmidtAA.Sprint6.Task0.V12\Tyuiu.ShmidtAA.Sprint6.Task0.V12.csproj", "{0A70A72D-4E54-4A06-AB5A-A88EBAF13CAA}"
EndProject
Project("{2150E333-8FDC-42A3-9474-1A3956D46DE8}") = "Task 1", "Task 1", "{75825EC1-9B3E-4E97-8CA1-32171D62233C}"
EndProject
Project("{FAE04EC0-301F-11D3-BF4B-00C04F79EFBC}") = "Tyuiu.ShmidtAA.Sprint6.Task1.V28.Test", "Tyuiu.ShmidtAA.Sprint6.Task1.V28.Test\Tyuiu.ShmidtAA.Sprint6.Task1.V28.Test.csproj", "{202B16C2-4474-4F87-B47B-6A0577670FAF}"
EndProject
Project("{FAE04EC0-301F-11D3-BF4B-00C04F79EFBC}") = "Tyuiu.ShmidtAA.Sprint6.Task1.V28.Lib", "Tyuiu.ShmidtAA.Sprint6.Task1.V28.Lib\Tyuiu.ShmidtAA.Sprint6.Task1.V28.Lib.csproj", "{9595B72F-6F55-411E-BCDF-D2E93793A269}"
EndProject
Project("{FAE04EC0-301F-11D3-BF4B-00C04F79EFBC}") = "Tyuiu.ShmidtAA.Sprint6.Task1.V28", "Tyuiu.ShmidtAA.Sprint6.Task1.V28\Tyuiu.ShmidtAA.Sprint6.Task1.V28.csproj", "{0E0844D9-B9D8-4DCF-B9B0-F5AEB5619364}"
EndProject
Global
	GlobalSection(SolutionConfigurationPlatforms) = preSolution
		Debug|Any CPU = Debug|Any CPU
		Release|Any CPU = Release|Any CPU
	EndGlobalSection
	GlobalSection(ProjectConfigurationPlatforms) = postSolution
		{F1AED9EA-F929-4E13-A9D7-F454C1685DDE}.Debug|Any CPU.ActiveCfg = Debug|Any CPU
		{F1AED9EA-F929-4E13-A9D7-F454C1685DDE}.Debug|Any CPU.Build.0 = Debug|Any CPU
		{F1AED9EA-F929-4E13-A9D7-F454C1685DDE}.Release|Any CPU.ActiveCfg = Release|Any CPU
		{F1AED9EA-F929-4E13-A9D7-F454C1685DDE}.Release|Any CPU.Build.0 = Release|Any CPU
		{AAACAB3D-D180-4CFC-97B9-985A08606254}.Debug|Any CPU.ActiveCfg = Debug|Any CPU
		{AAACAB3D-D180-4CFC-97B9-985A08606254}.Debug|Any CPU.Build.0 = Debug|Any CPU
		{AAACAB3D-D180-4CFC-97B9-985A08606254}.Release|Any CPU.ActiveCfg = Release|Any CPU
		{AAACAB3D-D180-4CFC-97B9-985A08606254}.Release|Any CPU.Build.0 = Release|Any CPU
		{0A70A72D-4E54-4A06-AB5A-A88EBAF13CAA}.Debug|Any CPU.ActiveCfg = Debug|Any CPU
		{0A70A72D-4E54-4A06-AB5A-A88EBAF13CAA}.Debug|Any CPU.Build.0 = Debug|Any CPU
		{0A70A72D-4E54-4A06-AB5A-A88EBAF13CAA}.Release|Any CPU.ActiveCfg = Release|Any CPU
		{0A70A72D-4E54-4A06-AB5A-A88EBAF13CAA}.Release|Any CPU.Build.0 = Release|Any CPU
		{202B16C2-4474-4F87-B47B-6A0577670FAF}.Debug|Any CPU.ActiveCfg = Debug|Any CPU
		{202B16C2-4474-4F87-B47B-6A0577670FAF}.Debug|Any CPU.Build.0 = Debug|Any CPU
		{202B16C2-4474-4F87-B47B-6A0577670FAF}.Release|Any CPU.ActiveCfg = Release|Any CPU
		{202B16C2-4474-4F87-B47B-6A0577670FAF}.Release|Any CPU.Build.0 = Release|Any CPU
		{9595B72F-6F55-411E-BCDF-D2E93793A269}.Debug|Any CPU.ActiveCfg = Debug|Any CPU
		{9595B72F-6F55-411E-BCDF-D2E93793A269}.Debug|Any CPU.Build.0 = Debug|Any CPU
		{9595B72F-6F55-411E-BCDF-D2E93793A269}.Release|Any CPU.ActiveCfg = Release|Any CPU
		{9595B72F-6F55-411E-BCDF-D2E93793A269}.Release|Any CPU.Build.0 = Release|Any CPU
		{0E0844D9-B9D8-4DCF-B9B0-F5AEB5619364}.Debug|Any CPU.ActiveCfg = Debug|Any CPU
		{0E0844D9-B9D8-4DCF-B9B0-F5AEB5619364}.Debug|Any CPU.Build.0 = Debug|Any CPU
		{0E0844D9-B9D8-4DCF-B9B0-F5AEB5619364}.Release|Any CPU.ActiveCfg = Release|Any CPU
		{0E0844D9-B9D8-4DCF-B9B0-F5AEB5619364}.Release|Any CPU.Build.0 = Release|Any CPU
	EndGlobalSection
	GlobalSection(SolutionProperties) = preSolution
		HideSolutionNode = FALSE
	EndGlobalSection
	GlobalSection(NestedProjects) = preSolution
		{F1AED9EA-F929-4E13-A9D7-F454C1685DDE} = {C541F950-046A-4378-89B4-8C4D48C08F14}
		{AAACAB3D-D180-4CFC-97B9-985A08606254} = {C541F950-046A-4378-89B4-8C4D48C08F14}
		{0A70A72D-4E54-4A06-AB5A-A88EBAF13CAA} = {C541F950-046A-4378-89B4-8C4D48C08F14}
		{202B16C2-4474-4F87-B47B-6A0577670FAF} = {75825EC1-9B3E-4E97-8CA1-32171D62233C}
		{9595B72F-6F55-411E-BCDF-D2E93793A269} = {75825EC1-9B3E-4E97-8CA1-32171D62233C}
		{0E0844D9-B9D8-4DCF-B9B0-F5AEB5619364} = {75825EC1-9B3E-4E97-8CA1-32171D62233C}
	EndGlobalSection
	GlobalSection(ExtensibilityGlobals) = postSolution
		SolutionGuid = {EE442C7A-D488-40D6-9ECE-19D7F0BFCB6F}
	EndGlobalSection
EndGlobal
