
Microsoft Visual Studio Solution File, Format Version 12.00
# Visual Studio Version 17
VisualStudioVersion = 17.11.35327.3
MinimumVisualStudioVersion = 10.0.40219.1
Project("{2150E333-8FDC-42A3-9474-1A3956D46DE8}") = "Task 0", "Task 0", "{C541F950-046A-4378-89B4-8C4D48C08F14}"
EndProject
Project("{9A19103F-16F7-4668-BE54-9A1E7A4F7556}") = "Tyuiu.ShmidtAA.Sprint6.Task0.V12.Lib", "Tyuiu.ShmidtAA.Sprint6.Task0.V12.Lib\Tyuiu.ShmidtAA.Sprint6.Task0.V12.Lib.csproj", "{F1AED9EA-F929-4E13-A9D7-F454C1685DDE}"
EndProject
Project("{9A19103F-16F7-4668-BE54-9A1E7A4F7556}") = "Tyuiu.ShmidtAA.Sprint6.Task0.V12.Test", "Tyuiu.ShmidtAA.Sprint6.Task0.V12.Test\Tyuiu.ShmidtAA.Sprint6.Task0.V12.Test.csproj", "{AAACAB3D-D180-4CFC-97B9-985A08606254}"
EndProject
Project("{9A19103F-16F7-4668-BE54-9A1E7A4F7556}") = "Tyuiu.ShmidtAA.Sprint6.Task0.V12", "Tyuiu.ShmidtAA.Sprint6.Task0.V12\Tyuiu.ShmidtAA.Sprint6.Task0.V12.csproj", "{0A70A72D-4E54-4A06-AB5A-A88EBAF13CAA}"
EndProject
Project("{2150E333-8FDC-42A3-9474-1A3956D46DE8}") = "Task 1", "Task 1", "{75825EC1-9B3E-4E97-8CA1-32171D62233C}"
EndProject
Project("{9A19103F-16F7-4668-BE54-9A1E7A4F7556}") = "Tyuiu.ShmidtAA.Sprint6.Task1.V28.Test", "Tyuiu.ShmidtAA.Sprint6.Task1.V28.Test\Tyuiu.ShmidtAA.Sprint6.Task1.V28.Test.csproj", "{202B16C2-4474-4F87-B47B-6A0577670FAF}"
EndProject
Project("{9A19103F-16F7-4668-BE54-9A1E7A4F7556}") = "Tyuiu.ShmidtAA.Sprint6.Task1.V28.Lib", "Tyuiu.ShmidtAA.Sprint6.Task1.V28.Lib\Tyuiu.ShmidtAA.Sprint6.Task1.V28.Lib.csproj", "{9595B72F-6F55-411E-BCDF-D2E93793A269}"
EndProject
Project("{9A19103F-16F7-4668-BE54-9A1E7A4F7556}") = "Tyuiu.ShmidtAA.Sprint6.Task1.V28", "Tyuiu.ShmidtAA.Sprint6.Task1.V28\Tyuiu.ShmidtAA.Sprint6.Task1.V28.csproj", "{0E0844D9-B9D8-4DCF-B9B0-F5AEB5619364}"
EndProject
Project("{2150E333-8FDC-42A3-9474-1A3956D46DE8}") = "Task 2", "Task 2", "{846573A5-EFEE-4C26-9269-6100F71A6F54}"
EndProject
Project("{9A19103F-16F7-4668-BE54-9A1E7A4F7556}") = "Tyuiu.ShmidtAA.Sprint6.Task2.V24.Lib", "Tyuiu.ShmidtAA.Sprint6.Task2.V24.Lib\Tyuiu.ShmidtAA.Sprint6.Task2.V24.Lib.csproj", "{1B541531-9853-4579-8B63-408479E96CC9}"
EndProject
Project("{9A19103F-16F7-4668-BE54-9A1E7A4F7556}") = "Tyuiu.ShmidtAA.Sprint6.Task2.V24.Test", "Tyuiu.ShmidtAA.Sprint6.Task2.V24.Test\Tyuiu.ShmidtAA.Sprint6.Task2.V24.Test.csproj", "{5B5AA0ED-4ED7-4911-B7B6-5A1B86AE6C5A}"
EndProject
Project("{9A19103F-16F7-4668-BE54-9A1E7A4F7556}") = "Tyuiu.ShmidtAA.Sprint6.Task2.V24", "Tyuiu.ShmidtAA.Sprint6.Task2.V24\Tyuiu.ShmidtAA.Sprint6.Task2.V24.csproj", "{20AC676F-9BFA-41AA-BBDA-9F2518C9E8DE}"
EndProject
Project("{2150E333-8FDC-42A3-9474-1A3956D46DE8}") = "Task 3", "Task 3", "{9B4C93D7-A522-4261-80D8-9F02C4C17E33}"
EndProject
Project("{9A19103F-16F7-4668-BE54-9A1E7A4F7556}") = "Tyuiu.ShmidtAA.Sprint6.Task3.V8.Lib", "Tyuiu.ShmidtAA.Sprint6.Task3.V8.Lib\Tyuiu.ShmidtAA.Sprint6.Task3.V8.Lib.csproj", "{E8488852-6A73-4D8C-BC23-82AD5B29B2B6}"
EndProject
Project("{9A19103F-16F7-4668-BE54-9A1E7A4F7556}") = "Tyuiu.ShmidtAA.Sprint6.Task3.V8.Test", "Tyuiu.ShmidtAA.Sprint6.Task3.V8.Test\Tyuiu.ShmidtAA.Sprint6.Task3.V8.Test.csproj", "{F63199BF-75E6-48D0-A9CD-DF246A0FE168}"
EndProject
Project("{9A19103F-16F7-4668-BE54-9A1E7A4F7556}") = "Tyuiu.ShmidtAA.Sprint6.Task3.V8", "Tyuiu.ShmidtAA.Sprint6.Task3.V8\Tyuiu.ShmidtAA.Sprint6.Task3.V8.csproj", "{8CF36AD5-E33B-4605-BC55-53CE7161FC9C}"
EndProject
Project("{2150E333-8FDC-42A3-9474-1A3956D46DE8}") = "Task 4", "Task 4", "{A9F5184F-8315-422A-AFC5-9ED7B0E95C71}"
EndProject
Project("{9A19103F-16F7-4668-BE54-9A1E7A4F7556}") = "Tyuiu.ShmidtAA.Sprint6.Task4.V5.Lib", "Tyuiu.ShmidtAA.Sprint6.Task4.V5.Lib\Tyuiu.ShmidtAA.Sprint6.Task4.V5.Lib.csproj", "{71653345-D1CD-455C-A5ED-260DAF4C483E}"
EndProject
Project("{9A19103F-16F7-4668-BE54-9A1E7A4F7556}") = "Tyuiu.ShmidtAA.Sprint6.Task4.V5.Test", "Tyuiu.ShmidtAA.Sprint6.Task4.V5.Test\Tyuiu.ShmidtAA.Sprint6.Task4.V5.Test.csproj", "{B8BD190B-E9CA-4813-9B01-81284CA812AA}"
EndProject
Project("{9A19103F-16F7-4668-BE54-9A1E7A4F7556}") = "Tyuiu.ShmidtAA.Sprint6.Task4.V5", "Tyuiu.ShmidtAA.Sprint6.Task4.V5\Tyuiu.ShmidtAA.Sprint6.Task4.V5.csproj", "{4D64F994-FDDC-4813-96C3-35BBF9A06357}"
EndProject
Project("{2150E333-8FDC-42A3-9474-1A3956D46DE8}") = "Task 5", "Task 5", "{48E54437-19D3-47EF-A5C7-B6F4C98AC65E}"
EndProject
Project("{9A19103F-16F7-4668-BE54-9A1E7A4F7556}") = "Tyuiu.ShmidtAA.Sprint6.Task5.V10.Lib", "Tyuiu.ShmidtAA.Sprint6.Task5.V10.Lib\Tyuiu.ShmidtAA.Sprint6.Task5.V10.Lib.csproj", "{CF1DF92A-8EF8-417C-9A8B-EDF7E0B5ECB5}"
EndProject
Project("{9A19103F-16F7-4668-BE54-9A1E7A4F7556}") = "Tyuiu.ShmidtAA.Sprint6.Task5.V10.Test", "Tyuiu.ShmidtAA.Sprint6.Task5.V10.Test\Tyuiu.ShmidtAA.Sprint6.Task5.V10.Test.csproj", "{62FBD54A-B10B-47EE-BA9C-1983FEFC32AE}"
EndProject
Project("{9A19103F-16F7-4668-BE54-9A1E7A4F7556}") = "Tyuiu.ShmidtAA.Sprint6.Task5.V10", "Tyuiu.ShmidtAA.Sprint6.Task5.V10\Tyuiu.ShmidtAA.Sprint6.Task5.V10.csproj", "{36A56FF6-BAD7-4E14-8BE8-E3F82AD8D4CE}"
EndProject
Project("{2150E333-8FDC-42A3-9474-1A3956D46DE8}") = "Task 6", "Task 6", "{B1324C5B-9170-48C2-B6DF-9A2722FAD214}"
EndProject
Project("{9A19103F-16F7-4668-BE54-9A1E7A4F7556}") = "Tyuiu.ShmidtAA.Sprint6.Task6.V15.Lib", "Tyuiu.ShmidtAA.Sprint6.Task6.V15.Lib\Tyuiu.ShmidtAA.Sprint6.Task6.V15.Lib.csproj", "{5C7B887B-258C-4284-B511-5E6EA25BFCED}"
EndProject
Project("{9A19103F-16F7-4668-BE54-9A1E7A4F7556}") = "Tyuiu.ShmidtAA.Sprint6.Task6.V15.Test", "Tyuiu.ShmidtAA.Sprint6.Task6.V15.Test\Tyuiu.ShmidtAA.Sprint6.Task6.V15.Test.csproj", "{B2A4D426-23E9-4D5D-B4B1-875B16116637}"
EndProject
Project("{9A19103F-16F7-4668-BE54-9A1E7A4F7556}") = "Tyuiu.ShmidtAA.Sprint6.Task6.V15", "Tyuiu.ShmidtAA.Sprint6.Task6.V15\Tyuiu.ShmidtAA.Sprint6.Task6.V15.csproj", "{39498D2F-35F0-4975-995E-24587FBF91AA}"
EndProject
Project("{2150E333-8FDC-42A3-9474-1A3956D46DE8}") = "Task 7", "Task 7", "{8781500B-B06D-4D00-8A7A-D420042B730B}"
EndProject
Project("{FAE04EC0-301F-11D3-BF4B-00C04F79EFBC}") = "Tyuiu.ShmidtAA.Sprint6.Task7.V9.Lib", "Tyuiu.ShmidtAA.Sprint6.Task7.V9.Lib\Tyuiu.ShmidtAA.Sprint6.Task7.V9.Lib.csproj", "{4DFBF386-F1F9-4448-AE45-B3BA020AD508}"
EndProject
Project("{FAE04EC0-301F-11D3-BF4B-00C04F79EFBC}") = "Tyuiu.ShmidtAA.Sprint6.Task7.V9.Test", "Tyuiu.ShmidtAA.Sprint6.Task7.V9.Test\Tyuiu.ShmidtAA.Sprint6.Task7.V9.Test.csproj", "{685411CC-B00A-428E-ACA8-39B3950C78BF}"
EndProject
Project("{FAE04EC0-301F-11D3-BF4B-00C04F79EFBC}") = "Tyuiu.ShmidtAA.Sprint6.Task7.V9", "Tyuiu.ShmidtAA.Sprint6.Task7.V9\Tyuiu.ShmidtAA.Sprint6.Task7.V9.csproj", "{401E4164-627C-4BE0-9790-D9E2115C88C0}"
EndProject
Global
	GlobalSection(SolutionConfigurationPlatforms) = preSolution
		Debug|Any CPU = Debug|Any CPU
		Release|Any CPU = Release|Any CPU
	EndGlobalSection
	GlobalSection(ProjectConfigurationPlatforms) = postSolution
		{F1AED9EA-F929-4E13-A9D7-F454C1685DDE}.Debug|Any CPU.ActiveCfg = Debug|Any CPU
		{F1AED9EA-F929-4E13-A9D7-F454C1685DDE}.Debug|Any CPU.Build.0 = Debug|Any CPU
		{F1AED9EA-F929-4E13-A9D7-F454C1685DDE}.Release|Any CPU.ActiveCfg = Release|Any CPU
		{F1AED9EA-F929-4E13-A9D7-F454C1685DDE}.Release|Any CPU.Build.0 = Release|Any CPU
		{AAACAB3D-D180-4CFC-97B9-985A08606254}.Debug|Any CPU.ActiveCfg = Debug|Any CPU
		{AAACAB3D-D180-4CFC-97B9-985A08606254}.Debug|Any CPU.Build.0 = Debug|Any CPU
		{AAACAB3D-D180-4CFC-97B9-985A08606254}.Release|Any CPU.ActiveCfg = Release|Any CPU
		{AAACAB3D-D180-4CFC-97B9-985A08606254}.Release|Any CPU.Build.0 = Release|Any CPU
		{0A70A72D-4E54-4A06-AB5A-A88EBAF13CAA}.Debug|Any CPU.ActiveCfg = Debug|Any CPU
		{0A70A72D-4E54-4A06-AB5A-A88EBAF13CAA}.Debug|Any CPU.Build.0 = Debug|Any CPU
		{0A70A72D-4E54-4A06-AB5A-A88EBAF13CAA}.Release|Any CPU.ActiveCfg = Release|Any CPU
		{0A70A72D-4E54-4A06-AB5A-A88EBAF13CAA}.Release|Any CPU.Build.0 = Release|Any CPU
		{202B16C2-4474-4F87-B47B-6A0577670FAF}.Debug|Any CPU.ActiveCfg = Debug|Any CPU
		{202B16C2-4474-4F87-B47B-6A0577670FAF}.Debug|Any CPU.Build.0 = Debug|Any CPU
		{202B16C2-4474-4F87-B47B-6A0577670FAF}.Release|Any CPU.ActiveCfg = Release|Any CPU
		{202B16C2-4474-4F87-B47B-6A0577670FAF}.Release|Any CPU.Build.0 = Release|Any CPU
		{9595B72F-6F55-411E-BCDF-D2E93793A269}.Debug|Any CPU.ActiveCfg = Debug|Any CPU
		{9595B72F-6F55-411E-BCDF-D2E93793A269}.Debug|Any CPU.Build.0 = Debug|Any CPU
		{9595B72F-6F55-411E-BCDF-D2E93793A269}.Release|Any CPU.ActiveCfg = Release|Any CPU
		{9595B72F-6F55-411E-BCDF-D2E93793A269}.Release|Any CPU.Build.0 = Release|Any CPU
		{0E0844D9-B9D8-4DCF-B9B0-F5AEB5619364}.Debug|Any CPU.ActiveCfg = Debug|Any CPU
		{0E0844D9-B9D8-4DCF-B9B0-F5AEB5619364}.Debug|Any CPU.Build.0 = Debug|Any CPU
		{0E0844D9-B9D8-4DCF-B9B0-F5AEB5619364}.Release|Any CPU.ActiveCfg = Release|Any CPU
		{0E0844D9-B9D8-4DCF-B9B0-F5AEB5619364}.Release|Any CPU.Build.0 = Release|Any CPU
		{1B541531-9853-4579-8B63-408479E96CC9}.Debug|Any CPU.ActiveCfg = Debug|Any CPU
		{1B541531-9853-4579-8B63-408479E96CC9}.Debug|Any CPU.Build.0 = Debug|Any CPU
		{1B541531-9853-4579-8B63-408479E96CC9}.Release|Any CPU.ActiveCfg = Release|Any CPU
		{1B541531-9853-4579-8B63-408479E96CC9}.Release|Any CPU.Build.0 = Release|Any CPU
		{5B5AA0ED-4ED7-4911-B7B6-5A1B86AE6C5A}.Debug|Any CPU.ActiveCfg = Debug|Any CPU
		{5B5AA0ED-4ED7-4911-B7B6-5A1B86AE6C5A}.Debug|Any CPU.Build.0 = Debug|Any CPU
		{5B5AA0ED-4ED7-4911-B7B6-5A1B86AE6C5A}.Release|Any CPU.ActiveCfg = Release|Any CPU
		{5B5AA0ED-4ED7-4911-B7B6-5A1B86AE6C5A}.Release|Any CPU.Build.0 = Release|Any CPU
		{20AC676F-9BFA-41AA-BBDA-9F2518C9E8DE}.Debug|Any CPU.ActiveCfg = Debug|Any CPU
		{20AC676F-9BFA-41AA-BBDA-9F2518C9E8DE}.Debug|Any CPU.Build.0 = Debug|Any CPU
		{20AC676F-9BFA-41AA-BBDA-9F2518C9E8DE}.Release|Any CPU.ActiveCfg = Release|Any CPU
		{20AC676F-9BFA-41AA-BBDA-9F2518C9E8DE}.Release|Any CPU.Build.0 = Release|Any CPU
		{E8488852-6A73-4D8C-BC23-82AD5B29B2B6}.Debug|Any CPU.ActiveCfg = Debug|Any CPU
		{E8488852-6A73-4D8C-BC23-82AD5B29B2B6}.Debug|Any CPU.Build.0 = Debug|Any CPU
		{E8488852-6A73-4D8C-BC23-82AD5B29B2B6}.Release|Any CPU.ActiveCfg = Release|Any CPU
		{E8488852-6A73-4D8C-BC23-82AD5B29B2B6}.Release|Any CPU.Build.0 = Release|Any CPU
		{F63199BF-75E6-48D0-A9CD-DF246A0FE168}.Debug|Any CPU.ActiveCfg = Debug|Any CPU
		{F63199BF-75E6-48D0-A9CD-DF246A0FE168}.Debug|Any CPU.Build.0 = Debug|Any CPU
		{F63199BF-75E6-48D0-A9CD-DF246A0FE168}.Release|Any CPU.ActiveCfg = Release|Any CPU
		{F63199BF-75E6-48D0-A9CD-DF246A0FE168}.Release|Any CPU.Build.0 = Release|Any CPU
		{8CF36AD5-E33B-4605-BC55-53CE7161FC9C}.Debug|Any CPU.ActiveCfg = Debug|Any CPU
		{8CF36AD5-E33B-4605-BC55-53CE7161FC9C}.Debug|Any CPU.Build.0 = Debug|Any CPU
		{8CF36AD5-E33B-4605-BC55-53CE7161FC9C}.Release|Any CPU.ActiveCfg = Release|Any CPU
		{8CF36AD5-E33B-4605-BC55-53CE7161FC9C}.Release|Any CPU.Build.0 = Release|Any CPU
		{71653345-D1CD-455C-A5ED-260DAF4C483E}.Debug|Any CPU.ActiveCfg = Debug|Any CPU
		{71653345-D1CD-455C-A5ED-260DAF4C483E}.Debug|Any CPU.Build.0 = Debug|Any CPU
		{71653345-D1CD-455C-A5ED-260DAF4C483E}.Release|Any CPU.ActiveCfg = Release|Any CPU
		{71653345-D1CD-455C-A5ED-260DAF4C483E}.Release|Any CPU.Build.0 = Release|Any CPU
		{B8BD190B-E9CA-4813-9B01-81284CA812AA}.Debug|Any CPU.ActiveCfg = Debug|Any CPU
		{B8BD190B-E9CA-4813-9B01-81284CA812AA}.Debug|Any CPU.Build.0 = Debug|Any CPU
		{B8BD190B-E9CA-4813-9B01-81284CA812AA}.Release|Any CPU.ActiveCfg = Release|Any CPU
		{B8BD190B-E9CA-4813-9B01-81284CA812AA}.Release|Any CPU.Build.0 = Release|Any CPU
		{4D64F994-FDDC-4813-96C3-35BBF9A06357}.Debug|Any CPU.ActiveCfg = Debug|Any CPU
		{4D64F994-FDDC-4813-96C3-35BBF9A06357}.Debug|Any CPU.Build.0 = Debug|Any CPU
		{4D64F994-FDDC-4813-96C3-35BBF9A06357}.Release|Any CPU.ActiveCfg = Release|Any CPU
		{4D64F994-FDDC-4813-96C3-35BBF9A06357}.Release|Any CPU.Build.0 = Release|Any CPU
		{CF1DF92A-8EF8-417C-9A8B-EDF7E0B5ECB5}.Debug|Any CPU.ActiveCfg = Debug|Any CPU
		{CF1DF92A-8EF8-417C-9A8B-EDF7E0B5ECB5}.Debug|Any CPU.Build.0 = Debug|Any CPU
		{CF1DF92A-8EF8-417C-9A8B-EDF7E0B5ECB5}.Release|Any CPU.ActiveCfg = Release|Any CPU
		{CF1DF92A-8EF8-417C-9A8B-EDF7E0B5ECB5}.Release|Any CPU.Build.0 = Release|Any CPU
		{62FBD54A-B10B-47EE-BA9C-1983FEFC32AE}.Debug|Any CPU.ActiveCfg = Debug|Any CPU
		{62FBD54A-B10B-47EE-BA9C-1983FEFC32AE}.Debug|Any CPU.Build.0 = Debug|Any CPU
		{62FBD54A-B10B-47EE-BA9C-1983FEFC32AE}.Release|Any CPU.ActiveCfg = Release|Any CPU
		{62FBD54A-B10B-47EE-BA9C-1983FEFC32AE}.Release|Any CPU.Build.0 = Release|Any CPU
		{36A56FF6-BAD7-4E14-8BE8-E3F82AD8D4CE}.Debug|Any CPU.ActiveCfg = Debug|Any CPU
		{36A56FF6-BAD7-4E14-8BE8-E3F82AD8D4CE}.Debug|Any CPU.Build.0 = Debug|Any CPU
		{36A56FF6-BAD7-4E14-8BE8-E3F82AD8D4CE}.Release|Any CPU.ActiveCfg = Release|Any CPU
		{36A56FF6-BAD7-4E14-8BE8-E3F82AD8D4CE}.Release|Any CPU.Build.0 = Release|Any CPU
		{5C7B887B-258C-4284-B511-5E6EA25BFCED}.Debug|Any CPU.ActiveCfg = Debug|Any CPU
		{5C7B887B-258C-4284-B511-5E6EA25BFCED}.Debug|Any CPU.Build.0 = Debug|Any CPU
		{5C7B887B-258C-4284-B511-5E6EA25BFCED}.Release|Any CPU.ActiveCfg = Release|Any CPU
		{5C7B887B-258C-4284-B511-5E6EA25BFCED}.Release|Any CPU.Build.0 = Release|Any CPU
		{B2A4D426-23E9-4D5D-B4B1-875B16116637}.Debug|Any CPU.ActiveCfg = Debug|Any CPU
		{B2A4D426-23E9-4D5D-B4B1-875B16116637}.Debug|Any CPU.Build.0 = Debug|Any CPU
		{B2A4D426-23E9-4D5D-B4B1-875B16116637}.Release|Any CPU.ActiveCfg = Release|Any CPU
		{B2A4D426-23E9-4D5D-B4B1-875B16116637}.Release|Any CPU.Build.0 = Release|Any CPU
		{39498D2F-35F0-4975-995E-24587FBF91AA}.Debug|Any CPU.ActiveCfg = Debug|Any CPU
		{39498D2F-35F0-4975-995E-24587FBF91AA}.Debug|Any CPU.Build.0 = Debug|Any CPU
		{39498D2F-35F0-4975-995E-24587FBF91AA}.Release|Any CPU.ActiveCfg = Release|Any CPU
		{39498D2F-35F0-4975-995E-24587FBF91AA}.Release|Any CPU.Build.0 = Release|Any CPU
		{4DFBF386-F1F9-4448-AE45-B3BA020AD508}.Debug|Any CPU.ActiveCfg = Debug|Any CPU
		{4DFBF386-F1F9-4448-AE45-B3BA020AD508}.Debug|Any CPU.Build.0 = Debug|Any CPU
		{4DFBF386-F1F9-4448-AE45-B3BA020AD508}.Release|Any CPU.ActiveCfg = Release|Any CPU
		{4DFBF386-F1F9-4448-AE45-B3BA020AD508}.Release|Any CPU.Build.0 = Release|Any CPU
		{685411CC-B00A-428E-ACA8-39B3950C78BF}.Debug|Any CPU.ActiveCfg = Debug|Any CPU
		{685411CC-B00A-428E-ACA8-39B3950C78BF}.Debug|Any CPU.Build.0 = Debug|Any CPU
		{685411CC-B00A-428E-ACA8-39B3950C78BF}.Release|Any CPU.ActiveCfg = Release|Any CPU
		{685411CC-B00A-428E-ACA8-39B3950C78BF}.Release|Any CPU.Build.0 = Release|Any CPU
		{401E4164-627C-4BE0-9790-D9E2115C88C0}.Debug|Any CPU.ActiveCfg = Debug|Any CPU
		{401E4164-627C-4BE0-9790-D9E2115C88C0}.Debug|Any CPU.Build.0 = Debug|Any CPU
		{401E4164-627C-4BE0-9790-D9E2115C88C0}.Release|Any CPU.ActiveCfg = Release|Any CPU
		{401E4164-627C-4BE0-9790-D9E2115C88C0}.Release|Any CPU.Build.0 = Release|Any CPU
	EndGlobalSection
	GlobalSection(SolutionProperties) = preSolution
		HideSolutionNode = FALSE
	EndGlobalSection
	GlobalSection(NestedProjects) = preSolution
		{F1AED9EA-F929-4E13-A9D7-F454C1685DDE} = {C541F950-046A-4378-89B4-8C4D48C08F14}
		{AAACAB3D-D180-4CFC-97B9-985A08606254} = {C541F950-046A-4378-89B4-8C4D48C08F14}
		{0A70A72D-4E54-4A06-AB5A-A88EBAF13CAA} = {C541F950-046A-4378-89B4-8C4D48C08F14}
		{202B16C2-4474-4F87-B47B-6A0577670FAF} = {75825EC1-9B3E-4E97-8CA1-32171D62233C}
		{9595B72F-6F55-411E-BCDF-D2E93793A269} = {75825EC1-9B3E-4E97-8CA1-32171D62233C}
		{0E0844D9-B9D8-4DCF-B9B0-F5AEB5619364} = {75825EC1-9B3E-4E97-8CA1-32171D62233C}
		{1B541531-9853-4579-8B63-408479E96CC9} = {846573A5-EFEE-4C26-9269-6100F71A6F54}
		{5B5AA0ED-4ED7-4911-B7B6-5A1B86AE6C5A} = {846573A5-EFEE-4C26-9269-6100F71A6F54}
		{20AC676F-9BFA-41AA-BBDA-9F2518C9E8DE} = {846573A5-EFEE-4C26-9269-6100F71A6F54}
		{E8488852-6A73-4D8C-BC23-82AD5B29B2B6} = {9B4C93D7-A522-4261-80D8-9F02C4C17E33}
		{F63199BF-75E6-48D0-A9CD-DF246A0FE168} = {9B4C93D7-A522-4261-80D8-9F02C4C17E33}
		{8CF36AD5-E33B-4605-BC55-53CE7161FC9C} = {9B4C93D7-A522-4261-80D8-9F02C4C17E33}
		{71653345-D1CD-455C-A5ED-260DAF4C483E} = {A9F5184F-8315-422A-AFC5-9ED7B0E95C71}
		{B8BD190B-E9CA-4813-9B01-81284CA812AA} = {A9F5184F-8315-422A-AFC5-9ED7B0E95C71}
		{4D64F994-FDDC-4813-96C3-35BBF9A06357} = {A9F5184F-8315-422A-AFC5-9ED7B0E95C71}
		{CF1DF92A-8EF8-417C-9A8B-EDF7E0B5ECB5} = {48E54437-19D3-47EF-A5C7-B6F4C98AC65E}
		{62FBD54A-B10B-47EE-BA9C-1983FEFC32AE} = {48E54437-19D3-47EF-A5C7-B6F4C98AC65E}
		{36A56FF6-BAD7-4E14-8BE8-E3F82AD8D4CE} = {48E54437-19D3-47EF-A5C7-B6F4C98AC65E}
		{5C7B887B-258C-4284-B511-5E6EA25BFCED} = {B1324C5B-9170-48C2-B6DF-9A2722FAD214}
		{B2A4D426-23E9-4D5D-B4B1-875B16116637} = {B1324C5B-9170-48C2-B6DF-9A2722FAD214}
		{39498D2F-35F0-4975-995E-24587FBF91AA} = {B1324C5B-9170-48C2-B6DF-9A2722FAD214}
		{4DFBF386-F1F9-4448-AE45-B3BA020AD508} = {8781500B-B06D-4D00-8A7A-D420042B730B}
		{685411CC-B00A-428E-ACA8-39B3950C78BF} = {8781500B-B06D-4D00-8A7A-D420042B730B}
		{401E4164-627C-4BE0-9790-D9E2115C88C0} = {8781500B-B06D-4D00-8A7A-D420042B730B}
	EndGlobalSection
	GlobalSection(ExtensibilityGlobals) = postSolution
		SolutionGuid = {EE442C7A-D488-40D6-9ECE-19D7F0BFCB6F}
	EndGlobalSection
EndGlobal
